{
  "nodes": {
    "flake-utils": {
      "locked": {
        "lastModified": 1652776076,
        "narHash": "sha256-gzTw/v1vj4dOVbpBSJX4J0DwUR6LIyXo7/SuuTJp1kM=",
        "owner": "numtide",
        "repo": "flake-utils",
        "rev": "04c1b180862888302ddfb2e3ad9eaa63afc60cf8",
        "type": "github"
      },
      "original": {
        "owner": "numtide",
        "repo": "flake-utils",
        "type": "github"
      }
    },
    "home-manager": {
      "inputs": {
        "nixpkgs": "nixpkgs"
      },
      "locked": {
        "lastModified": 1653153149,
        "narHash": "sha256-8B/tWWZziFq4DqnAm9uO7M4Z4PNfllYg5+teX1e5yDQ=",
        "owner": "nix-community",
        "repo": "home-manager",
        "rev": "94780dd888881bf35165dfdd334a57ef6b14ead8",
        "type": "github"
      },
      "original": {
        "owner": "nix-community",
        "repo": "home-manager",
        "type": "github"
      }
    },
    "nixpkgs": {
      "locked": {
        "lastModified": 1652692103,
        "narHash": "sha256-ygRLh8g0F/WkVCSfQcxMoVaaD45i6Ky+f+b4wCOazag=",
        "owner": "NixOS",
        "repo": "nixpkgs",
        "rev": "556ce9a40abde33738e6c9eac65f965a8be3b623",
        "type": "github"
      },
      "original": {
        "id": "nixpkgs",
        "type": "indirect"
      }
    },
    "nixpkgs_2": {
      "locked": {
        "lastModified": 1652692103,
        "narHash": "sha256-ygRLh8g0F/WkVCSfQcxMoVaaD45i6Ky+f+b4wCOazag=",
        "owner": "NixOS",
        "repo": "nixpkgs",
        "rev": "556ce9a40abde33738e6c9eac65f965a8be3b623",
        "type": "github"
      },
      "original": {
        "owner": "NixOS",
        "repo": "nixpkgs",
        "type": "github"
      }
    },
    "root": {
      "inputs": {
        "flake-utils": "flake-utils",
        "home-manager": "home-manager",
        "nixpkgs": "nixpkgs_2"
      }
    }
  },
  "root": "root",
  "version": 7
}
